
Microsoft Visual Studio Solution File, Format Version 12.00
# Visual Studio Version 17
VisualStudioVersion = 17.13.35931.197 d17.13
MinimumVisualStudioVersion = 10.0.40219.1
Project("{FAE04EC0-301F-11D3-BF4B-00C04F79EFBC}") = "ScorllViewer_test", "ScorllViewer_test\ScorllViewer_test.csproj", "{9DCF39FD-CF49-4810-8EE9-649804E38F9B}"
EndProject
Global
	GlobalSection(SolutionConfigurationPlatforms) = preSolution
		Debug|Any CPU = Debug|Any CPU
		Release|Any CPU = Release|Any CPU
	EndGlobalSection
	GlobalSection(ProjectConfigurationPlatforms) = postSolution
		{9DCF39FD-CF49-4810-8EE9-649804E38F9B}.Debug|Any CPU.ActiveCfg = Debug|Any CPU
		{9DCF39FD-CF49-4810-8EE9-649804E38F9B}.Debug|Any CPU.Build.0 = Debug|Any CPU
		{9DCF39FD-CF49-4810-8EE9-649804E38F9B}.Release|Any CPU.ActiveCfg = Release|Any CPU
		{9DCF39FD-CF49-4810-8EE9-649804E38F9B}.Release|Any CPU.Build.0 = Release|Any CPU
	EndGlobalSection
	GlobalSection(SolutionProperties) = preSolution
		HideSolutionNode = FALSE
	EndGlobalSection
	GlobalSection(ExtensibilityGlobals) = postSolution
		SolutionGuid = {205F9C91-78F9-4CDE-8EE6-18CB32FFF101}
	EndGlobalSection
EndGlobal
