
Microsoft Visual Studio Solution File, Format Version 12.00
# Visual Studio Version 17
VisualStudioVersion = 17.13.35931.197 d17.13
MinimumVisualStudioVersion = 10.0.40219.1
Project("{FAE04EC0-301F-11D3-BF4B-00C04F79EFBC}") = "Opening Custom windows with Show and ShowDialog", "Opening Custom windows with Show and ShowDialog\Opening Custom windows with Show and ShowDialog.csproj", "{F360FC63-4DD6-482B-9009-31237243B2E5}"
EndProject
Global
	GlobalSection(SolutionConfigurationPlatforms) = preSolution
		Debug|Any CPU = Debug|Any CPU
		Release|Any CPU = Release|Any CPU
	EndGlobalSection
	GlobalSection(ProjectConfigurationPlatforms) = postSolution
		{F360FC63-4DD6-482B-9009-31237243B2E5}.Debug|Any CPU.ActiveCfg = Debug|Any CPU
		{F360FC63-4DD6-482B-9009-31237243B2E5}.Debug|Any CPU.Build.0 = Debug|Any CPU
		{F360FC63-4DD6-482B-9009-31237243B2E5}.Release|Any CPU.ActiveCfg = Release|Any CPU
		{F360FC63-4DD6-482B-9009-31237243B2E5}.Release|Any CPU.Build.0 = Release|Any CPU
	EndGlobalSection
	GlobalSection(SolutionProperties) = preSolution
		HideSolutionNode = FALSE
	EndGlobalSection
	GlobalSection(ExtensibilityGlobals) = postSolution
		SolutionGuid = {E4113991-ABA1-4753-B4C1-5F70182DCB58}
	EndGlobalSection
EndGlobal
