
Microsoft Visual Studio Solution File, Format Version 12.00
# Visual Studio Version 17
VisualStudioVersion = 17.13.35931.197 d17.13
MinimumVisualStudioVersion = 10.0.40219.1
Project("{FAE04EC0-301F-11D3-BF4B-00C04F79EFBC}") = "Stack_Panel_test", "Stack_Panel_test\Stack_Panel_test.csproj", "{4A2704D1-B447-4BED-8FDA-3802D5BAE208}"
EndProject
Global
	GlobalSection(SolutionConfigurationPlatforms) = preSolution
		Debug|Any CPU = Debug|Any CPU
		Release|Any CPU = Release|Any CPU
	EndGlobalSection
	GlobalSection(ProjectConfigurationPlatforms) = postSolution
		{4A2704D1-B447-4BED-8FDA-3802D5BAE208}.Debug|Any CPU.ActiveCfg = Debug|Any CPU
		{4A2704D1-B447-4BED-8FDA-3802D5BAE208}.Debug|Any CPU.Build.0 = Debug|Any CPU
		{4A2704D1-B447-4BED-8FDA-3802D5BAE208}.Release|Any CPU.ActiveCfg = Release|Any CPU
		{4A2704D1-B447-4BED-8FDA-3802D5BAE208}.Release|Any CPU.Build.0 = Release|Any CPU
	EndGlobalSection
	GlobalSection(SolutionProperties) = preSolution
		HideSolutionNode = FALSE
	EndGlobalSection
	GlobalSection(ExtensibilityGlobals) = postSolution
		SolutionGuid = {24FD6799-1FE1-4D07-9BCD-62F0EBCB9983}
	EndGlobalSection
EndGlobal
